
Microsoft Visual Studio Solution File, Format Version 12.00
# Visual Studio Version 16
VisualStudioVersion = 16.0.29403.142
MinimumVisualStudioVersion = 10.0.40219.1
Project("{FAE04EC0-301F-11D3-BF4B-00C04F79EFBC}") = "DhipayaBGProcess", "DhipayaBGProcess.csproj", "{F050CA2E-042F-439A-BBE2-09650AF46BEE}"
EndProject
Global
	GlobalSection(SolutionConfigurationPlatforms) = preSolution
		Debug|Any CPU = Debug|Any CPU
		Release|Any CPU = Release|Any CPU
	EndGlobalSection
	GlobalSection(ProjectConfigurationPlatforms) = postSolution
		{F050CA2E-042F-439A-BBE2-09650AF46BEE}.Debug|Any CPU.ActiveCfg = Debug|Any CPU
		{F050CA2E-042F-439A-BBE2-09650AF46BEE}.Debug|Any CPU.Build.0 = Debug|Any CPU
		{F050CA2E-042F-439A-BBE2-09650AF46BEE}.Release|Any CPU.ActiveCfg = Release|Any CPU
		{F050CA2E-042F-439A-BBE2-09650AF46BEE}.Release|Any CPU.Build.0 = Release|Any CPU
	EndGlobalSection
	GlobalSection(SolutionProperties) = preSolution
		HideSolutionNode = FALSE
	EndGlobalSection
	GlobalSection(ExtensibilityGlobals) = postSolution
		SolutionGuid = {82D57531-0DBA-4EDF-80AA-6A596330FD2D}
	EndGlobalSection
EndGlobal
